<?xml version="1.0" encoding="utf-8"?>
<Project ToolsVersion="4.0" xmlns="http://schemas.microsoft.com/developer/msbuild/2003">
  <ItemGroup>
    <Filter Include="源文件">
      <UniqueIdentifier>{4FC737F1-C7A5-4376-A066-2A32D752A2FF}</UniqueIdentifier>
      <Extensions>cpp;c;cc;cxx;def;odl;idl;hpj;bat;asm;asmx</Extensions>
    </Filter>
    <Filter Include="头文件">
      <UniqueIdentifier>{93995380-89BD-4b04-88EB-625FBE52EBFB}</UniqueIdentifier>
      <Extensions>h;hh;hpp;hxx;hm;inl;inc;ipp;xsd</Extensions>
    </Filter>
    <Filter Include="资源文件">
      <UniqueIdentifier>{67DA6AB6-F800-4c08-8B7A-83BB121AAD01}</UniqueIdentifier>
      <Extensions>rc;ico;cur;bmp;dlg;rc2;rct;bin;rgs;gif;jpg;jpeg;jpe;resx;tiff;tif;png;wav;mfcribbon-ms</Extensions>
    </Filter>
  </ItemGroup>
  <ItemGroup>
    <ClInclude Include="PM1SDKDemo.h">
      <Filter>头文件</Filter>
    </ClInclude>
    <ClInclude Include="PM1SDKDemoDlg.h">
      <Filter>头文件</Filter>
    </ClInclude>
    <ClInclude Include="stdafx.h">
      <Filter>头文件</Filter>
    </ClInclude>
    <ClInclude Include="targetver.h">
      <Filter>头文件</Filter>
    </ClInclude>
    <ClInclude Include="Resource.h">
      <Filter>头文件</Filter>
    </ClInclude>
    <ClInclude Include="MyButton.h">
      <Filter>头文件</Filter>
    </ClInclude>
    <ClInclude Include="MyEdit.h">
      <Filter>头文件</Filter>
    </ClInclude>
    <ClInclude Include="pm1_sdk.h">
      <Filter>头文件</Filter>
    </ClInclude>
    <ClInclude Include="AboutDlg.h">
      <Filter>头文件</Filter>
    </ClInclude>
  </ItemGroup>
  <ItemGroup>
    <ClCompile Include="PM1SDKDemo.cpp">
      <Filter>源文件</Filter>
    </ClCompile>
    <ClCompile Include="PM1SDKDemoDlg.cpp">
      <Filter>源文件</Filter>
    </ClCompile>
    <ClCompile Include="stdafx.cpp">
      <Filter>源文件</Filter>
    </ClCompile>
    <ClCompile Include="MyButton.cpp">
      <Filter>源文件</Filter>
    </ClCompile>
    <ClCompile Include="MyEdit.cpp">
      <Filter>源文件</Filter>
    </ClCompile>
    <ClCompile Include="AboutDlg.cpp">
      <Filter>源文件</Filter>
    </ClCompile>
  </ItemGroup>
  <ItemGroup>
    <ResourceCompile Include="PM1SDKDemo.rc">
      <Filter>资源文件</Filter>
    </ResourceCompile>
  </ItemGroup>
  <ItemGroup>
    <None Include="res\PM1SDKDemo.rc2">
      <Filter>资源文件</Filter>
    </None>
  </ItemGroup>
  <ItemGroup>
    <Image Include="res\cross_hit.bmp">
      <Filter>资源文件</Filter>
    </Image>
    <Image Include="res\cross_norm.bmp">
      <Filter>资源文件</Filter>
    </Image>
    <Image Include="res\cross_over.bmp">
      <Filter>资源文件</Filter>
    </Image>
    <Image Include="res\title.bmp">
      <Filter>资源文件</Filter>
    </Image>
    <Image Include="res\line_hit.bmp">
      <Filter>资源文件</Filter>
    </Image>
    <Image Include="res\line_norm.bmp">
      <Filter>资源文件</Filter>
    </Image>
    <Image Include="res\line_over.bmp">
      <Filter>资源文件</Filter>
    </Image>
    <Image Include="res\about_hit.bmp">
      <Filter>资源文件</Filter>
    </Image>
    <Image Include="res\about_norm.bmp">
      <Filter>资源文件</Filter>
    </Image>
    <Image Include="res\about_over.bmp">
      <Filter>资源文件</Filter>
    </Image>
    <Image Include="res\front.bmp">
      <Filter>资源文件</Filter>
    </Image>
    <Image Include="res\back.bmp">
      <Filter>资源文件</Filter>
    </Image>
    <Image Include="res\left_front.bmp">
      <Filter>资源文件</Filter>
    </Image>
    <Image Include="res\right_front.bmp">
      <Filter>资源文件</Filter>
    </Image>
    <Image Include="res\left_back.bmp">
      <Filter>资源文件</Filter>
    </Image>
    <Image Include="res\right_back.bmp">
      <Filter>资源文件</Filter>
    </Image>
    <Image Include="res\turn_inverse.bmp">
      <Filter>资源文件</Filter>
    </Image>
    <Image Include="res\turn_clockwise.bmp">
      <Filter>资源文件</Filter>
    </Image>
    <Image Include="res\inst_hit.bmp">
      <Filter>资源文件</Filter>
    </Image>
    <Image Include="res\inst_norm.bmp">
      <Filter>资源文件</Filter>
    </Image>
    <Image Include="res\inst_over.bmp">
      <Filter>资源文件</Filter>
    </Image>
    <Image Include="res\real_hit.bmp">
      <Filter>资源文件</Filter>
    </Image>
    <Image Include="res\real_norm.bmp">
      <Filter>资源文件</Filter>
    </Image>
    <Image Include="res\real_over.bmp">
      <Filter>资源文件</Filter>
    </Image>
    <Image Include="res\logo_A.ico">
      <Filter>资源文件</Filter>
    </Image>
    <Image Include="res\pause.bmp">
      <Filter>资源文件</Filter>
    </Image>
    <Image Include="res\stop.bmp">
      <Filter>资源文件</Filter>
    </Image>
    <Image Include="res\unconnect.bmp">
      <Filter>资源文件</Filter>
    </Image>
    <Image Include="res\connect.bmp">
      <Filter>资源文件</Filter>
    </Image>
    <Image Include="res\lock.bmp">
      <Filter>资源文件</Filter>
    </Image>
    <Image Include="res\unlock.bmp">
      <Filter>资源文件</Filter>
    </Image>
    <Image Include="res\unknown.bmp">
      <Filter>资源文件</Filter>
    </Image>
    <Image Include="res\lock_over.bmp">
      <Filter>资源文件</Filter>
    </Image>
    <Image Include="res\unlock_over.bmp">
      <Filter>资源文件</Filter>
    </Image>
  </ItemGroup>
</Project>